// !$*UTF8*$!
{
	archiveVersion = 1;
	classes = {
	};
	objectVersion = 46;
	objects = {

/* Begin PBXBuildFile section */
		8AE3F36B1C09991800622E9A /* AppDelegate.swift in Sources */ = {isa = PBXBuildFile; fileRef = 8AE3F36A1C09991800622E9A /* AppDelegate.swift */; };
		8AE3F36D1C09991800622E9A /* ViewController.swift in Sources */ = {isa = PBXBuildFile; fileRef = 8AE3F36C1C09991800622E9A /* ViewController.swift */; };
		8AE3F3701C09991800622E9A /* Main.storyboard in Resources */ = {isa = PBXBuildFile; fileRef = 8AE3F36E1C09991800622E9A /* Main.storyboard */; };
		8AE3F3751C09991900622E9A /* LaunchScreen.storyboard in Resources */ = {isa = PBXBuildFile; fileRef = 8AE3F3731C09991900622E9A /* LaunchScreen.storyboard */; };
		8AE3F38B1C099A2A00622E9A /* WRConversationViewController.swift in Sources */ = {isa = PBXBuildFile; fileRef = 8AE3F3821C099A2A00622E9A /* WRConversationViewController.swift */; };
		8AE3F38C1C099A2A00622E9A /* WRFindViewController.swift in Sources */ = {isa = PBXBuildFile; fileRef = 8AE3F3831C099A2A00622E9A /* WRFindViewController.swift */; };
		8AE3F38D1C099A2A00622E9A /* WRFriendViewController.swift in Sources */ = {isa = PBXBuildFile; fileRef = 8AE3F3841C099A2A00622E9A /* WRFriendViewController.swift */; };
		8AE3F38E1C099A2A00622E9A /* WRMeViewController.swift in Sources */ = {isa = PBXBuildFile; fileRef = 8AE3F3851C099A2A00622E9A /* WRMeViewController.swift */; };
		8AE3F38F1C099A2A00622E9A /* WRTogetherViewController.swift in Sources */ = {isa = PBXBuildFile; fileRef = 8AE3F3861C099A2A00622E9A /* WRTogetherViewController.swift */; };
		8AE3F3901C099A2A00622E9A /* WRTabBarViewController.swift in Sources */ = {isa = PBXBuildFile; fileRef = 8AE3F3871C099A2A00622E9A /* WRTabBarViewController.swift */; };
		8AE3F3911C099A2A00622E9A /* CGRectEx.swift in Sources */ = {isa = PBXBuildFile; fileRef = 8AE3F3881C099A2A00622E9A /* CGRectEx.swift */; };
		8AE3F3921C099A2A00622E9A /* LGColorEx.swift in Sources */ = {isa = PBXBuildFile; fileRef = 8AE3F3891C099A2A00622E9A /* LGColorEx.swift */; };
		8AE3F3931C099A2A00622E9A /* LGCommonEx.swift in Sources */ = {isa = PBXBuildFile; fileRef = 8AE3F38A1C099A2A00622E9A /* LGCommonEx.swift */; };
		8AE3F39A1C099AB600622E9A /* DGElasticPullToRefreshConstants.swift in Sources */ = {isa = PBXBuildFile; fileRef = 8AE3F3951C099AB600622E9A /* DGElasticPullToRefreshConstants.swift */; };
		8AE3F39B1C099AB600622E9A /* DGElasticPullToRefreshExtensions.swift in Sources */ = {isa = PBXBuildFile; fileRef = 8AE3F3961C099AB600622E9A /* DGElasticPullToRefreshExtensions.swift */; };
		8AE3F39C1C099AB600622E9A /* DGElasticPullToRefreshLoadingView.swift in Sources */ = {isa = PBXBuildFile; fileRef = 8AE3F3971C099AB600622E9A /* DGElasticPullToRefreshLoadingView.swift */; };
		8AE3F39D1C099AB600622E9A /* DGElasticPullToRefreshLoadingViewCircle.swift in Sources */ = {isa = PBXBuildFile; fileRef = 8AE3F3981C099AB600622E9A /* DGElasticPullToRefreshLoadingViewCircle.swift */; };
		8AE3F39E1C099AB600622E9A /* DGElasticPullToRefreshView.swift in Sources */ = {isa = PBXBuildFile; fileRef = 8AE3F3991C099AB600622E9A /* DGElasticPullToRefreshView.swift */; };
		8AE3F3A01C099B2300622E9A /* Media.xcassets in Resources */ = {isa = PBXBuildFile; fileRef = 8AE3F39F1C099B2300622E9A /* Media.xcassets */; };
/* End PBXBuildFile section */

/* Begin PBXFileReference section */
		8AE3F3671C09991800622E9A /* WRSwiftChartProject.app */ = {isa = PBXFileReference; explicitFileType = wrapper.application; includeInIndex = 0; path = WRSwiftChartProject.app; sourceTree = BUILT_PRODUCTS_DIR; };
		8AE3F36A1C09991800622E9A /* AppDelegate.swift */ = {isa = PBXFileReference; lastKnownFileType = sourcecode.swift; path = AppDelegate.swift; sourceTree = "<group>"; };
		8AE3F36C1C09991800622E9A /* ViewController.swift */ = {isa = PBXFileReference; lastKnownFileType = sourcecode.swift; path = ViewController.swift; sourceTree = "<group>"; };
		8AE3F36F1C09991800622E9A /* Base */ = {isa = PBXFileReference; lastKnownFileType = file.storyboard; name = Base; path = Base.lproj/Main.storyboard; sourceTree = "<group>"; };
		8AE3F3741C09991900622E9A /* Base */ = {isa = PBXFileReference; lastKnownFileType = file.storyboard; name = Base; path = Base.lproj/LaunchScreen.storyboard; sourceTree = "<group>"; };
		8AE3F3761C09991900622E9A /* Info.plist */ = {isa = PBXFileReference; lastKnownFileType = text.plist.xml; path = Info.plist; sourceTree = "<group>"; };
		8AE3F3821C099A2A00622E9A /* WRConversationViewController.swift */ = {isa = PBXFileReference; fileEncoding = 4; lastKnownFileType = sourcecode.swift; name = WRConversationViewController.swift; path = src/WRConversationViewController.swift; sourceTree = "<group>"; };
		8AE3F3831C099A2A00622E9A /* WRFindViewController.swift */ = {isa = PBXFileReference; fileEncoding = 4; lastKnownFileType = sourcecode.swift; name = WRFindViewController.swift; path = src/WRFindViewController.swift; sourceTree = "<group>"; };
		8AE3F3841C099A2A00622E9A /* WRFriendViewController.swift */ = {isa = PBXFileReference; fileEncoding = 4; lastKnownFileType = sourcecode.swift; name = WRFriendViewController.swift; path = src/WRFriendViewController.swift; sourceTree = "<group>"; };
		8AE3F3851C099A2A00622E9A /* WRMeViewController.swift */ = {isa = PBXFileReference; fileEncoding = 4; lastKnownFileType = sourcecode.swift; name = WRMeViewController.swift; path = src/WRMeViewController.swift; sourceTree = "<group>"; };
		8AE3F3861C099A2A00622E9A /* WRTogetherViewController.swift */ = {isa = PBXFileReference; fileEncoding = 4; lastKnownFileType = sourcecode.swift; name = WRTogetherViewController.swift; path = src/WRTogetherViewController.swift; sourceTree = "<group>"; };
		8AE3F3871C099A2A00622E9A /* WRTabBarViewController.swift */ = {isa = PBXFileReference; fileEncoding = 4; lastKnownFileType = sourcecode.swift; name = WRTabBarViewController.swift; path = src/WRTabBarViewController.swift; sourceTree = "<group>"; };
		8AE3F3881C099A2A00622E9A /* CGRectEx.swift */ = {isa = PBXFileReference; fileEncoding = 4; lastKnownFileType = sourcecode.swift; name = CGRectEx.swift; path = src/CGRectEx.swift; sourceTree = "<group>"; };
		8AE3F3891C099A2A00622E9A /* LGColorEx.swift */ = {isa = PBXFileReference; fileEncoding = 4; lastKnownFileType = sourcecode.swift; name = LGColorEx.swift; path = src/LGColorEx.swift; sourceTree = "<group>"; };
		8AE3F38A1C099A2A00622E9A /* LGCommonEx.swift */ = {isa = PBXFileReference; fileEncoding = 4; lastKnownFileType = sourcecode.swift; name = LGCommonEx.swift; path = src/LGCommonEx.swift; sourceTree = "<group>"; };
		8AE3F3951C099AB600622E9A /* DGElasticPullToRefreshConstants.swift */ = {isa = PBXFileReference; fileEncoding = 4; lastKnownFileType = sourcecode.swift; path = DGElasticPullToRefreshConstants.swift; sourceTree = "<group>"; };
		8AE3F3961C099AB600622E9A /* DGElasticPullToRefreshExtensions.swift */ = {isa = PBXFileReference; fileEncoding = 4; lastKnownFileType = sourcecode.swift; path = DGElasticPullToRefreshExtensions.swift; sourceTree = "<group>"; };
		8AE3F3971C099AB600622E9A /* DGElasticPullToRefreshLoadingView.swift */ = {isa = PBXFileReference; fileEncoding = 4; lastKnownFileType = sourcecode.swift; path = DGElasticPullToRefreshLoadingView.swift; sourceTree = "<group>"; };
		8AE3F3981C099AB600622E9A /* DGElasticPullToRefreshLoadingViewCircle.swift */ = {isa = PBXFileReference; fileEncoding = 4; lastKnownFileType = sourcecode.swift; path = DGElasticPullToRefreshLoadingViewCircle.swift; sourceTree = "<group>"; };
		8AE3F3991C099AB600622E9A /* DGElasticPullToRefreshView.swift */ = {isa = PBXFileReference; fileEncoding = 4; lastKnownFileType = sourcecode.swift; path = DGElasticPullToRefreshView.swift; sourceTree = "<group>"; };
		8AE3F39F1C099B2300622E9A /* Media.xcassets */ = {isa = PBXFileReference; lastKnownFileType = folder.assetcatalog; path = Media.xcassets; sourceTree = "<group>"; };
/* End PBXFileReference section */

/* Begin PBXFrameworksBuildPhase section */
		8AE3F3641C09991800622E9A /* Frameworks */ = {
			isa = PBXFrameworksBuildPhase;
			buildActionMask = 2147483647;
			files = (
			);
			runOnlyForDeploymentPostprocessing = 0;
		};
/* End PBXFrameworksBuildPhase section */

/* Begin PBXGroup section */
		8AE3F35E1C09991800622E9A = {
			isa = PBXGroup;
			children = (
				8AE3F3691C09991800622E9A /* WRSwiftChartProject */,
				8AE3F3681C09991800622E9A /* Products */,
			);
			sourceTree = "<group>";
		};
		8AE3F3681C09991800622E9A /* Products */ = {
			isa = PBXGroup;
			children = (
				8AE3F3671C09991800622E9A /* WRSwiftChartProject.app */,
			);
			name = Products;
			sourceTree = "<group>";
		};
		8AE3F3691C09991800622E9A /* WRSwiftChartProject */ = {
			isa = PBXGroup;
			children = (
				8AE3F37C1C0999AA00622E9A /* WR_Conversion */,
				8AE3F37D1C0999B500622E9A /* WR_Friend */,
				8AE3F37E1C0999C100622E9A /* WR_Find */,
				8AE3F37F1C0999CB00622E9A /* WR_Me */,
				8AE3F3801C0999D600622E9A /* WR_Extension */,
				8AE3F3811C0999E200622E9A /* WR_thirParty */,
				8AE3F36A1C09991800622E9A /* AppDelegate.swift */,
				8AE3F3871C099A2A00622E9A /* WRTabBarViewController.swift */,
				8AE3F36C1C09991800622E9A /* ViewController.swift */,
				8AE3F36E1C09991800622E9A /* Main.storyboard */,
				8AE3F3731C09991900622E9A /* LaunchScreen.storyboard */,
				8AE3F3761C09991900622E9A /* Info.plist */,
				8AE3F39F1C099B2300622E9A /* Media.xcassets */,
			);
			path = WRSwiftChartProject;
			sourceTree = "<group>";
		};
		8AE3F37C1C0999AA00622E9A /* WR_Conversion */ = {
			isa = PBXGroup;
			children = (
				8AE3F3821C099A2A00622E9A /* WRConversationViewController.swift */,
				8AE3F3861C099A2A00622E9A /* WRTogetherViewController.swift */,
			);
			name = WR_Conversion;
			sourceTree = "<group>";
		};
		8AE3F37D1C0999B500622E9A /* WR_Friend */ = {
			isa = PBXGroup;
			children = (
				8AE3F3841C099A2A00622E9A /* WRFriendViewController.swift */,
			);
			name = WR_Friend;
			sourceTree = "<group>";
		};
		8AE3F37E1C0999C100622E9A /* WR_Find */ = {
			isa = PBXGroup;
			children = (
				8AE3F3831C099A2A00622E9A /* WRFindViewController.swift */,
			);
			name = WR_Find;
			sourceTree = "<group>";
		};
		8AE3F37F1C0999CB00622E9A /* WR_Me */ = {
			isa = PBXGroup;
			children = (
				8AE3F3851C099A2A00622E9A /* WRMeViewController.swift */,
			);
			name = WR_Me;
			sourceTree = "<group>";
		};
		8AE3F3801C0999D600622E9A /* WR_Extension */ = {
			isa = PBXGroup;
			children = (
				8AE3F3881C099A2A00622E9A /* CGRectEx.swift */,
				8AE3F3891C099A2A00622E9A /* LGColorEx.swift */,
				8AE3F38A1C099A2A00622E9A /* LGCommonEx.swift */,
			);
			name = WR_Extension;
			sourceTree = "<group>";
		};
		8AE3F3811C0999E200622E9A /* WR_thirParty */ = {
			isa = PBXGroup;
			children = (
				8AE3F3941C099AB600622E9A /* DGElasticPullToRefresh */,
			);
			name = WR_thirParty;
			sourceTree = "<group>";
		};
		8AE3F3941C099AB600622E9A /* DGElasticPullToRefresh */ = {
			isa = PBXGroup;
			children = (
				8AE3F3951C099AB600622E9A /* DGElasticPullToRefreshConstants.swift */,
				8AE3F3961C099AB600622E9A /* DGElasticPullToRefreshExtensions.swift */,
				8AE3F3971C099AB600622E9A /* DGElasticPullToRefreshLoadingView.swift */,
				8AE3F3981C099AB600622E9A /* DGElasticPullToRefreshLoadingViewCircle.swift */,
				8AE3F3991C099AB600622E9A /* DGElasticPullToRefreshView.swift */,
			);
			name = DGElasticPullToRefresh;
			path = thirParty/DGElasticPullToRefresh;
			sourceTree = "<group>";
		};
/* End PBXGroup section */

/* Begin PBXNativeTarget section */
		8AE3F3661C09991800622E9A /* WRSwiftChartProject */ = {
			isa = PBXNativeTarget;
			buildConfigurationList = 8AE3F3791C09991900622E9A /* Build configuration list for PBXNativeTarget "WRSwiftChartProject" */;
			buildPhases = (
				8AE3F3631C09991800622E9A /* Sources */,
				8AE3F3641C09991800622E9A /* Frameworks */,
				8AE3F3651C09991800622E9A /* Resources */,
			);
			buildRules = (
			);
			dependencies = (
			);
			name = WRSwiftChartProject;
			productName = WRSwiftChartProject;
			productReference = 8AE3F3671C09991800622E9A /* WRSwiftChartProject.app */;
			productType = "com.apple.product-type.application";
		};
/* End PBXNativeTarget section */

/* Begin PBXProject section */
		8AE3F35F1C09991800622E9A /* Project object */ = {
			isa = PBXProject;
			attributes = {
				LastSwiftUpdateCheck = 0710;
				LastUpgradeCheck = 0710;
				ORGANIZATIONNAME = zhang_rongwu;
				TargetAttributes = {
					8AE3F3661C09991800622E9A = {
						CreatedOnToolsVersion = 7.1;
					};
				};
			};
			buildConfigurationList = 8AE3F3621C09991800622E9A /* Build configuration list for PBXProject "WRSwiftChartProject" */;
			compatibilityVersion = "Xcode 3.2";
			developmentRegion = English;
			hasScannedForEncodings = 0;
			knownRegions = (
				en,
				Base,
			);
			mainGroup = 8AE3F35E1C09991800622E9A;
			productRefGroup = 8AE3F3681C09991800622E9A /* Products */;
			projectDirPath = "";
			projectRoot = "";
			targets = (
				8AE3F3661C09991800622E9A /* WRSwiftChartProject */,
			);
		};
/* End PBXProject section */

/* Begin PBXResourcesBuildPhase section */
		8AE3F3651C09991800622E9A /* Resources */ = {
			isa = PBXResourcesBuildPhase;
			buildActionMask = 2147483647;
			files = (
				8AE3F3751C09991900622E9A /* LaunchScreen.storyboard in Resources */,
				8AE3F3A01C099B2300622E9A /* Media.xcassets in Resources */,
				8AE3F3701C09991800622E9A /* Main.storyboard in Resources */,
			);
			runOnlyForDeploymentPostprocessing = 0;
		};
/* End PBXResourcesBuildPhase section */

/* Begin PBXSourcesBuildPhase section */
		8AE3F3631C09991800622E9A /* Sources */ = {
			isa = PBXSourcesBuildPhase;
			buildActionMask = 2147483647;
			files = (
				8AE3F36D1C09991800622E9A /* ViewController.swift in Sources */,
				8AE3F38F1C099A2A00622E9A /* WRTogetherViewController.swift in Sources */,
				8AE3F38B1C099A2A00622E9A /* WRConversationViewController.swift in Sources */,
				8AE3F3901C099A2A00622E9A /* WRTabBarViewController.swift in Sources */,
				8AE3F39D1C099AB600622E9A /* DGElasticPullToRefreshLoadingViewCircle.swift in Sources */,
				8AE3F3911C099A2A00622E9A /* CGRectEx.swift in Sources */,
				8AE3F39B1C099AB600622E9A /* DGElasticPullToRefreshExtensions.swift in Sources */,
				8AE3F3921C099A2A00622E9A /* LGColorEx.swift in Sources */,
				8AE3F38C1C099A2A00622E9A /* WRFindViewController.swift in Sources */,
				8AE3F39C1C099AB600622E9A /* DGElasticPullToRefreshLoadingView.swift in Sources */,
				8AE3F39E1C099AB600622E9A /* DGElasticPullToRefreshView.swift in Sources */,
				8AE3F38E1C099A2A00622E9A /* WRMeViewController.swift in Sources */,
				8AE3F39A1C099AB600622E9A /* DGElasticPullToRefreshConstants.swift in Sources */,
				8AE3F3931C099A2A00622E9A /* LGCommonEx.swift in Sources */,
				8AE3F36B1C09991800622E9A /* AppDelegate.swift in Sources */,
				8AE3F38D1C099A2A00622E9A /* WRFriendViewController.swift in Sources */,
			);
			runOnlyForDeploymentPostprocessing = 0;
		};
/* End PBXSourcesBuildPhase section */

/* Begin PBXVariantGroup section */
		8AE3F36E1C09991800622E9A /* Main.storyboard */ = {
			isa = PBXVariantGroup;
			children = (
				8AE3F36F1C09991800622E9A /* Base */,
			);
			name = Main.storyboard;
			sourceTree = "<group>";
		};
		8AE3F3731C09991900622E9A /* LaunchScreen.storyboard */ = {
			isa = PBXVariantGroup;
			children = (
				8AE3F3741C09991900622E9A /* Base */,
			);
			name = LaunchScreen.storyboard;
			sourceTree = "<group>";
		};
/* End PBXVariantGroup section */

/* Begin XCBuildConfiguration section */
		8AE3F3771C09991900622E9A /* Debug */ = {
			isa = XCBuildConfiguration;
			buildSettings = {
				ALWAYS_SEARCH_USER_PATHS = NO;
				CLANG_CXX_LANGUAGE_STANDARD = "gnu++0x";
				CLANG_CXX_LIBRARY = "libc++";
				CLANG_ENABLE_MODULES = YES;
				CLANG_ENABLE_OBJC_ARC = YES;
				CLANG_WARN_BOOL_CONVERSION = YES;
				CLANG_WARN_CONSTANT_CONVERSION = YES;
				CLANG_WARN_DIRECT_OBJC_ISA_USAGE = YES_ERROR;
				CLANG_WARN_EMPTY_BODY = YES;
				CLANG_WARN_ENUM_CONVERSION = YES;
				CLANG_WARN_INT_CONVERSION = YES;
				CLANG_WARN_OBJC_ROOT_CLASS = YES_ERROR;
				CLANG_WARN_UNREACHABLE_CODE = YES;
				CLANG_WARN__DUPLICATE_METHOD_MATCH = YES;
				"CODE_SIGN_IDENTITY[sdk=iphoneos*]" = "iPhone Developer";
				COPY_PHASE_STRIP = NO;
				DEBUG_INFORMATION_FORMAT = dwarf;
				ENABLE_STRICT_OBJC_MSGSEND = YES;
				ENABLE_TESTABILITY = YES;
				GCC_C_LANGUAGE_STANDARD = gnu99;
				GCC_DYNAMIC_NO_PIC = NO;
				GCC_NO_COMMON_BLOCKS = YES;
				GCC_OPTIMIZATION_LEVEL = 0;
				GCC_PREPROCESSOR_DEFINITIONS = (
					"DEBUG=1",
					"$(inherited)",
				);
				GCC_WARN_64_TO_32_BIT_CONVERSION = YES;
				GCC_WARN_ABOUT_RETURN_TYPE = YES_ERROR;
				GCC_WARN_UNDECLARED_SELECTOR = YES;
				GCC_WARN_UNINITIALIZED_AUTOS = YES_AGGRESSIVE;
				GCC_WARN_UNUSED_FUNCTION = YES;
				GCC_WARN_UNUSED_VARIABLE = YES;
				IPHONEOS_DEPLOYMENT_TARGET = 9.1;
				MTL_ENABLE_DEBUG_INFO = YES;
				ONLY_ACTIVE_ARCH = YES;
				SDKROOT = iphoneos;
				SWIFT_OPTIMIZATION_LEVEL = "-Onone";
			};
			name = Debug;
		};
		8AE3F3781C09991900622E9A /* Release */ = {
			isa = XCBuildConfiguration;
			buildSettings = {
				ALWAYS_SEARCH_USER_PATHS = NO;
				CLANG_CXX_LANGUAGE_STANDARD = "gnu++0x";
				CLANG_CXX_LIBRARY = "libc++";
				CLANG_ENABLE_MODULES = YES;
				CLANG_ENABLE_OBJC_ARC = YES;
				CLANG_WARN_BOOL_CONVERSION = YES;
				CLANG_WARN_CONSTANT_CONVERSION = YES;
				CLANG_WARN_DIRECT_OBJC_ISA_USAGE = YES_ERROR;
				CLANG_WARN_EMPTY_BODY = YES;
				CLANG_WARN_ENUM_CONVERSION = YES;
				CLANG_WARN_INT_CONVERSION = YES;
				CLANG_WARN_OBJC_ROOT_CLASS = YES_ERROR;
				CLANG_WARN_UNREACHABLE_CODE = YES;
				CLANG_WARN__DUPLICATE_METHOD_MATCH = YES;
				"CODE_SIGN_IDENTITY[sdk=iphoneos*]" = "iPhone Developer";
				COPY_PHASE_STRIP = NO;
				DEBUG_INFORMATION_FORMAT = "dwarf-with-dsym";
				ENABLE_NS_ASSERTIONS = NO;
				ENABLE_STRICT_OBJC_MSGSEND = YES;
				GCC_C_LANGUAGE_STANDARD = gnu99;
				GCC_NO_COMMON_BLOCKS = YES;
				GCC_WARN_64_TO_32_BIT_CONVERSION = YES;
				GCC_WARN_ABOUT_RETURN_TYPE = YES_ERROR;
				GCC_WARN_UNDECLARED_SELECTOR = YES;
				GCC_WARN_UNINITIALIZED_AUTOS = YES_AGGRESSIVE;
				GCC_WARN_UNUSED_FUNCTION = YES;
				GCC_WARN_UNUSED_VARIABLE = YES;
				IPHONEOS_DEPLOYMENT_TARGET = 9.1;
				MTL_ENABLE_DEBUG_INFO = NO;
				SDKROOT = iphoneos;
				VALIDATE_PRODUCT = YES;
			};
			name = Release;
		};
		8AE3F37A1C09991900622E9A /* Debug */ = {
			isa = XCBuildConfiguration;
			buildSettings = {
				ASSETCATALOG_COMPILER_APPICON_NAME = AppIcon;
				INFOPLIST_FILE = WRSwiftChartProject/Info.plist;
				LD_RUNPATH_SEARCH_PATHS = "$(inherited) @executable_path/Frameworks";
				PRODUCT_BUNDLE_IDENTIFIER = zhang.rongwu.WRSwiftChartProject;
				PRODUCT_NAME = "$(TARGET_NAME)";
			};
			name = Debug;
		};
		8AE3F37B1C09991900622E9A /* Release */ = {
			isa = XCBuildConfiguration;
			buildSettings = {
				ASSETCATALOG_COMPILER_APPICON_NAME = AppIcon;
				INFOPLIST_FILE = WRSwiftChartProject/Info.plist;
				LD_RUNPATH_SEARCH_PATHS = "$(inherited) @executable_path/Frameworks";
				PRODUCT_BUNDLE_IDENTIFIER = zhang.rongwu.WRSwiftChartProject;
				PRODUCT_NAME = "$(TARGET_NAME)";
			};
			name = Release;
		};
/* End XCBuildConfiguration section */

/* Begin XCConfigurationList section */
		8AE3F3621C09991800622E9A /* Build configuration list for PBXProject "WRSwiftChartProject" */ = {
			isa = XCConfigurationList;
			buildConfigurations = (
				8AE3F3771C09991900622E9A /* Debug */,
				8AE3F3781C09991900622E9A /* Release */,
			);
			defaultConfigurationIsVisible = 0;
			defaultConfigurationName = Release;
		};
		8AE3F3791C09991900622E9A /* Build configuration list for PBXNativeTarget "WRSwiftChartProject" */ = {
			isa = XCConfigurationList;
			buildConfigurations = (
				8AE3F37A1C09991900622E9A /* Debug */,
				8AE3F37B1C09991900622E9A /* Release */,
			);
			defaultConfigurationIsVisible = 0;
			defaultConfigurationName = Release;
		};
/* End XCConfigurationList section */
	};
	rootObject = 8AE3F35F1C09991800622E9A /* Project object */;
}
